
Microsoft Visual Studio Solution File, Format Version 12.00
# Visual Studio 14
VisualStudioVersion = 14.0.23107.0
MinimumVisualStudioVersion = 10.0.40219.1
Project("{8BC9CEB8-8B4A-11D0-8D11-00A0C91BC942}") = "GCoreLib", "GCoreLib\GCoreLib.vcxproj", "{C2320D8D-FB07-4F72-ABB9-364EDCF5EE4C}"
EndProject
Project("{8BC9CEB8-8B4A-11D0-8D11-00A0C91BC942}") = "Sample", "Sample\Sample.vcxproj", "{DA9A931C-E928-4D49-A799-012BF8BACB3E}"
EndProject
Project("{8BC9CEB8-8B4A-11D0-8D11-00A0C91BC942}") = "GbsViewer", "gbsViewer\gbsViewer.vcxproj", "{8593411B-5AEF-448C-9AEB-C3320EFA497F}"
EndProject
Project("{8BC9CEB8-8B4A-11D0-8D11-00A0C91BC942}") = "AseViewer", "AseViewer\AseViewer.vcxproj", "{6255B60C-4A82-461F-8C38-BDDC86AF0492}"
EndProject
Project("{8BC9CEB8-8B4A-11D0-8D11-00A0C91BC942}") = "GCoreLibV2", "GCoreLibV2\GBasisLibV2.vcxproj", "{62B09430-89AB-4EAE-9107-DA502BC5270E}"
EndProject
Project("{8BC9CEB8-8B4A-11D0-8D11-00A0C91BC942}") = "GbsExporter_Max2016", "GbsExport2016\GbsExport2016.vcxproj", "{6671F0BA-6FB8-4F35-8392-0676D05113A8}"
EndProject
Project("{8BC9CEB8-8B4A-11D0-8D11-00A0C91BC942}") = "GbsUtilExporter_Max2016", "GbsUtilExp\GbsUtilExp.vcxproj", "{5A92050F-F518-41C0-B967-83D21B25F8CF}"
EndProject
Project("{2150E333-8FDC-42A3-9474-1A3956D46DE8}") = "GCoreV1", "GCoreV1", "{37BF1372-2F1D-423E-97BF-FBF5A6D24836}"
EndProject
Project("{2150E333-8FDC-42A3-9474-1A3956D46DE8}") = "GCoreV2", "GCoreV2", "{363F885B-C76B-4905-96D4-CFD74770F8BF}"
EndProject
Project("{2150E333-8FDC-42A3-9474-1A3956D46DE8}") = "GbsExporter", "GbsExporter", "{8E8DB969-D787-4EC3-AA47-9D3DD095741D}"
EndProject
Project("{8BC9CEB8-8B4A-11D0-8D11-00A0C91BC942}") = "GbsViewerV2", "GbsViewerV2\GbsViewerV2.vcxproj", "{9A4165F1-5F41-49D1-8349-20F5DC418CB7}"
EndProject
Global
	GlobalSection(SolutionConfigurationPlatforms) = preSolution
		Debug|x64 = Debug|x64
		Debug|x86 = Debug|x86
		Hybrid|x64 = Hybrid|x64
		Hybrid|x86 = Hybrid|x86
		Release|x64 = Release|x64
		Release|x86 = Release|x86
	EndGlobalSection
	GlobalSection(ProjectConfigurationPlatforms) = postSolution
		{C2320D8D-FB07-4F72-ABB9-364EDCF5EE4C}.Debug|x64.ActiveCfg = Debug|Win32
		{C2320D8D-FB07-4F72-ABB9-364EDCF5EE4C}.Debug|x86.ActiveCfg = Debug|Win32
		{C2320D8D-FB07-4F72-ABB9-364EDCF5EE4C}.Debug|x86.Build.0 = Debug|Win32
		{C2320D8D-FB07-4F72-ABB9-364EDCF5EE4C}.Hybrid|x64.ActiveCfg = Release|Win32
		{C2320D8D-FB07-4F72-ABB9-364EDCF5EE4C}.Hybrid|x64.Build.0 = Release|Win32
		{C2320D8D-FB07-4F72-ABB9-364EDCF5EE4C}.Hybrid|x86.ActiveCfg = Release|Win32
		{C2320D8D-FB07-4F72-ABB9-364EDCF5EE4C}.Hybrid|x86.Build.0 = Release|Win32
		{C2320D8D-FB07-4F72-ABB9-364EDCF5EE4C}.Release|x64.ActiveCfg = Release|Win32
		{C2320D8D-FB07-4F72-ABB9-364EDCF5EE4C}.Release|x86.ActiveCfg = Release|Win32
		{C2320D8D-FB07-4F72-ABB9-364EDCF5EE4C}.Release|x86.Build.0 = Release|Win32
		{DA9A931C-E928-4D49-A799-012BF8BACB3E}.Debug|x64.ActiveCfg = Debug|Win32
		{DA9A931C-E928-4D49-A799-012BF8BACB3E}.Debug|x86.ActiveCfg = Debug|Win32
		{DA9A931C-E928-4D49-A799-012BF8BACB3E}.Debug|x86.Build.0 = Debug|Win32
		{DA9A931C-E928-4D49-A799-012BF8BACB3E}.Hybrid|x64.ActiveCfg = Release|Win32
		{DA9A931C-E928-4D49-A799-012BF8BACB3E}.Hybrid|x64.Build.0 = Release|Win32
		{DA9A931C-E928-4D49-A799-012BF8BACB3E}.Hybrid|x86.ActiveCfg = Release|Win32
		{DA9A931C-E928-4D49-A799-012BF8BACB3E}.Hybrid|x86.Build.0 = Release|Win32
		{DA9A931C-E928-4D49-A799-012BF8BACB3E}.Release|x64.ActiveCfg = Release|Win32
		{DA9A931C-E928-4D49-A799-012BF8BACB3E}.Release|x86.ActiveCfg = Release|Win32
		{DA9A931C-E928-4D49-A799-012BF8BACB3E}.Release|x86.Build.0 = Release|Win32
		{8593411B-5AEF-448C-9AEB-C3320EFA497F}.Debug|x64.ActiveCfg = Debug|x64
		{8593411B-5AEF-448C-9AEB-C3320EFA497F}.Debug|x64.Build.0 = Debug|x64
		{8593411B-5AEF-448C-9AEB-C3320EFA497F}.Debug|x86.ActiveCfg = Debug|Win32
		{8593411B-5AEF-448C-9AEB-C3320EFA497F}.Debug|x86.Build.0 = Debug|Win32
		{8593411B-5AEF-448C-9AEB-C3320EFA497F}.Hybrid|x64.ActiveCfg = Release|x64
		{8593411B-5AEF-448C-9AEB-C3320EFA497F}.Hybrid|x64.Build.0 = Release|x64
		{8593411B-5AEF-448C-9AEB-C3320EFA497F}.Hybrid|x86.ActiveCfg = Release|Win32
		{8593411B-5AEF-448C-9AEB-C3320EFA497F}.Hybrid|x86.Build.0 = Release|Win32
		{8593411B-5AEF-448C-9AEB-C3320EFA497F}.Release|x64.ActiveCfg = Release|x64
		{8593411B-5AEF-448C-9AEB-C3320EFA497F}.Release|x64.Build.0 = Release|x64
		{8593411B-5AEF-448C-9AEB-C3320EFA497F}.Release|x86.ActiveCfg = Release|Win32
		{8593411B-5AEF-448C-9AEB-C3320EFA497F}.Release|x86.Build.0 = Release|Win32
		{6255B60C-4A82-461F-8C38-BDDC86AF0492}.Debug|x64.ActiveCfg = Debug|x64
		{6255B60C-4A82-461F-8C38-BDDC86AF0492}.Debug|x64.Build.0 = Debug|x64
		{6255B60C-4A82-461F-8C38-BDDC86AF0492}.Debug|x86.ActiveCfg = Debug|Win32
		{6255B60C-4A82-461F-8C38-BDDC86AF0492}.Debug|x86.Build.0 = Debug|Win32
		{6255B60C-4A82-461F-8C38-BDDC86AF0492}.Hybrid|x64.ActiveCfg = Release|x64
		{6255B60C-4A82-461F-8C38-BDDC86AF0492}.Hybrid|x64.Build.0 = Release|x64
		{6255B60C-4A82-461F-8C38-BDDC86AF0492}.Hybrid|x86.ActiveCfg = Release|Win32
		{6255B60C-4A82-461F-8C38-BDDC86AF0492}.Hybrid|x86.Build.0 = Release|Win32
		{6255B60C-4A82-461F-8C38-BDDC86AF0492}.Release|x64.ActiveCfg = Release|x64
		{6255B60C-4A82-461F-8C38-BDDC86AF0492}.Release|x64.Build.0 = Release|x64
		{6255B60C-4A82-461F-8C38-BDDC86AF0492}.Release|x86.ActiveCfg = Release|Win32
		{6255B60C-4A82-461F-8C38-BDDC86AF0492}.Release|x86.Build.0 = Release|Win32
		{62B09430-89AB-4EAE-9107-DA502BC5270E}.Debug|x64.ActiveCfg = Debug|Win32
		{62B09430-89AB-4EAE-9107-DA502BC5270E}.Debug|x86.ActiveCfg = Debug|Win32
		{62B09430-89AB-4EAE-9107-DA502BC5270E}.Debug|x86.Build.0 = Debug|Win32
		{62B09430-89AB-4EAE-9107-DA502BC5270E}.Hybrid|x64.ActiveCfg = Release|Win32
		{62B09430-89AB-4EAE-9107-DA502BC5270E}.Hybrid|x64.Build.0 = Release|Win32
		{62B09430-89AB-4EAE-9107-DA502BC5270E}.Hybrid|x86.ActiveCfg = Release|Win32
		{62B09430-89AB-4EAE-9107-DA502BC5270E}.Hybrid|x86.Build.0 = Release|Win32
		{62B09430-89AB-4EAE-9107-DA502BC5270E}.Release|x64.ActiveCfg = Release|Win32
		{62B09430-89AB-4EAE-9107-DA502BC5270E}.Release|x86.ActiveCfg = Release|Win32
		{62B09430-89AB-4EAE-9107-DA502BC5270E}.Release|x86.Build.0 = Release|Win32
		{6671F0BA-6FB8-4F35-8392-0676D05113A8}.Debug|x64.ActiveCfg = Debug|x64
		{6671F0BA-6FB8-4F35-8392-0676D05113A8}.Debug|x64.Build.0 = Debug|x64
		{6671F0BA-6FB8-4F35-8392-0676D05113A8}.Debug|x86.ActiveCfg = Debug|x64
		{6671F0BA-6FB8-4F35-8392-0676D05113A8}.Hybrid|x64.ActiveCfg = Hybrid|x64
		{6671F0BA-6FB8-4F35-8392-0676D05113A8}.Hybrid|x64.Build.0 = Hybrid|x64
		{6671F0BA-6FB8-4F35-8392-0676D05113A8}.Hybrid|x86.ActiveCfg = Hybrid|x64
		{6671F0BA-6FB8-4F35-8392-0676D05113A8}.Release|x64.ActiveCfg = Release|x64
		{6671F0BA-6FB8-4F35-8392-0676D05113A8}.Release|x64.Build.0 = Release|x64
		{6671F0BA-6FB8-4F35-8392-0676D05113A8}.Release|x86.ActiveCfg = Release|x64
		{5A92050F-F518-41C0-B967-83D21B25F8CF}.Debug|x64.ActiveCfg = Debug|x64
		{5A92050F-F518-41C0-B967-83D21B25F8CF}.Debug|x64.Build.0 = Debug|x64
		{5A92050F-F518-41C0-B967-83D21B25F8CF}.Debug|x86.ActiveCfg = Debug|x64
		{5A92050F-F518-41C0-B967-83D21B25F8CF}.Hybrid|x64.ActiveCfg = Hybrid|x64
		{5A92050F-F518-41C0-B967-83D21B25F8CF}.Hybrid|x64.Build.0 = Hybrid|x64
		{5A92050F-F518-41C0-B967-83D21B25F8CF}.Hybrid|x86.ActiveCfg = Hybrid|x64
		{5A92050F-F518-41C0-B967-83D21B25F8CF}.Release|x64.ActiveCfg = Release|x64
		{5A92050F-F518-41C0-B967-83D21B25F8CF}.Release|x64.Build.0 = Release|x64
		{5A92050F-F518-41C0-B967-83D21B25F8CF}.Release|x86.ActiveCfg = Release|x64
		{9A4165F1-5F41-49D1-8349-20F5DC418CB7}.Debug|x64.ActiveCfg = Debug|x64
		{9A4165F1-5F41-49D1-8349-20F5DC418CB7}.Debug|x64.Build.0 = Debug|x64
		{9A4165F1-5F41-49D1-8349-20F5DC418CB7}.Debug|x86.ActiveCfg = Debug|Win32
		{9A4165F1-5F41-49D1-8349-20F5DC418CB7}.Debug|x86.Build.0 = Debug|Win32
		{9A4165F1-5F41-49D1-8349-20F5DC418CB7}.Hybrid|x64.ActiveCfg = Release|x64
		{9A4165F1-5F41-49D1-8349-20F5DC418CB7}.Hybrid|x64.Build.0 = Release|x64
		{9A4165F1-5F41-49D1-8349-20F5DC418CB7}.Hybrid|x86.ActiveCfg = Release|Win32
		{9A4165F1-5F41-49D1-8349-20F5DC418CB7}.Hybrid|x86.Build.0 = Release|Win32
		{9A4165F1-5F41-49D1-8349-20F5DC418CB7}.Release|x64.ActiveCfg = Release|x64
		{9A4165F1-5F41-49D1-8349-20F5DC418CB7}.Release|x64.Build.0 = Release|x64
		{9A4165F1-5F41-49D1-8349-20F5DC418CB7}.Release|x86.ActiveCfg = Release|Win32
		{9A4165F1-5F41-49D1-8349-20F5DC418CB7}.Release|x86.Build.0 = Release|Win32
	EndGlobalSection
	GlobalSection(SolutionProperties) = preSolution
		HideSolutionNode = FALSE
	EndGlobalSection
	GlobalSection(NestedProjects) = preSolution
		{C2320D8D-FB07-4F72-ABB9-364EDCF5EE4C} = {37BF1372-2F1D-423E-97BF-FBF5A6D24836}
		{DA9A931C-E928-4D49-A799-012BF8BACB3E} = {37BF1372-2F1D-423E-97BF-FBF5A6D24836}
		{8593411B-5AEF-448C-9AEB-C3320EFA497F} = {37BF1372-2F1D-423E-97BF-FBF5A6D24836}
		{6255B60C-4A82-461F-8C38-BDDC86AF0492} = {37BF1372-2F1D-423E-97BF-FBF5A6D24836}
		{62B09430-89AB-4EAE-9107-DA502BC5270E} = {363F885B-C76B-4905-96D4-CFD74770F8BF}
		{6671F0BA-6FB8-4F35-8392-0676D05113A8} = {8E8DB969-D787-4EC3-AA47-9D3DD095741D}
		{5A92050F-F518-41C0-B967-83D21B25F8CF} = {8E8DB969-D787-4EC3-AA47-9D3DD095741D}
		{9A4165F1-5F41-49D1-8349-20F5DC418CB7} = {363F885B-C76B-4905-96D4-CFD74770F8BF}
	EndGlobalSection
	GlobalSection(ExtensibilityGlobals) = postSolution
		VisualSVNWorkingCopyRoot = .
	EndGlobalSection
EndGlobal
